<?xml version="1.0" encoding="utf-8"?>
<Project ToolsVersion="4.0" xmlns="http://schemas.microsoft.com/developer/msbuild/2003">
  <ItemGroup>
    <Filter Include="Source">
      <UniqueIdentifier>{57b0bdcf-4198-406d-a1cb-380421e4e8da}</UniqueIdentifier>
    </Filter>
    <Filter Include="Source\Window">
      <UniqueIdentifier>{d5d0ee91-1e3b-4caf-b1e2-2c120656f6c5}</UniqueIdentifier>
    </Filter>
    <Filter Include="Source\Shader">
      <UniqueIdentifier>{1a9d67b8-57e6-4fc3-9753-5fce1a2cfa36}</UniqueIdentifier>
    </Filter>
  </ItemGroup>
  <ItemGroup>
    <ClCompile Include="Source\main.cpp">
      <Filter>Source</Filter>
    </ClCompile>
    <ClCompile Include="Source\Window\Window.cpp">
      <Filter>Source\Window</Filter>
    </ClCompile>
  </ItemGroup>
  <ItemGroup>
    <ClInclude Include="Source\Window\Window.h">
      <Filter>Source\Window</Filter>
    </ClInclude>
  </ItemGroup>
  <ItemGroup>
    <FxCompile Include="Shader\Basic_VertexShader.hlsl">
      <Filter>Source\Shader</Filter>
    </FxCompile>
    <FxCompile Include="Shader\Basic_PixelShader.hlsl">
      <Filter>Source\Shader</Filter>
    </FxCompile>
  </ItemGroup>
  <ItemGroup>
    <None Include="Shader\BasicShaderHeader.hlsli">
      <Filter>Source\Shader</Filter>
    </None>
  </ItemGroup>
</Project>